lockfileVersion: '9.0'

settings:
  autoInstallPeers: true
  excludeLinksFromLockfile: false

importers:

  .:
    dependencies:
      '@notionhq/client':
        specifier: ^5.4.0
        version: 5.4.0
      dotenv:
        specifier: ^16.6.1
        version: 16.6.1

packages:

  '@notionhq/client@5.4.0':
    resolution: {integrity: sha512-SJsprS26S0Wi9CoTQp4vC8/nPpAIo1gMB4H7aJ2E/k0fWnNGIEAg984KwtzK6h9ZGaPcEaryVRSz1VVClJcVUw==}
    engines: {node: '>=18'}

  dotenv@16.6.1:
    resolution: {integrity: sha512-uBq4egWHTcTt33a72vpSG0z3HnPuIl6NqYcTrKEg2azoEyl2hpW0zqlxysq2pK9HlDIHyHyakeYaYnSAwd8bow==}
    engines: {node: '>=12'}

snapshots:

  '@notionhq/client@5.4.0': {}

  dotenv@16.6.1: {}
